
Microsoft Visual Studio Solution File, Format Version 12.00
# Visual Studio Version 17
VisualStudioVersion = 17.14.37111.16 d17.14
MinimumVisualStudioVersion = 10.0.40219.1
Project("{FAE04EC0-301F-11D3-BF4B-00C04F79EFBC}") = "EnterpriseIdentity_Auth", "EnterpriseIdentity_Auth\EnterpriseIdentity_Auth.csproj", "{B062CEC7-5DE9-4312-AF8B-D441B7C660E0}"
EndProject
Global
	GlobalSection(SolutionConfigurationPlatforms) = preSolution
		Debug|Any CPU = Debug|Any CPU
		Release|Any CPU = Release|Any CPU
	EndGlobalSection
	GlobalSection(ProjectConfigurationPlatforms) = postSolution
		{B062CEC7-5DE9-4312-AF8B-D441B7C660E0}.Debug|Any CPU.ActiveCfg = Debug|Any CPU
		{B062CEC7-5DE9-4312-AF8B-D441B7C660E0}.Debug|Any CPU.Build.0 = Debug|Any CPU
		{B062CEC7-5DE9-4312-AF8B-D441B7C660E0}.Release|Any CPU.ActiveCfg = Release|Any CPU
		{B062CEC7-5DE9-4312-AF8B-D441B7C660E0}.Release|Any CPU.Build.0 = Release|Any CPU
	EndGlobalSection
	GlobalSection(SolutionProperties) = preSolution
		HideSolutionNode = FALSE
	EndGlobalSection
	GlobalSection(ExtensibilityGlobals) = postSolution
		SolutionGuid = {37B27B93-A495-4761-A74A-84226515612E}
	EndGlobalSection
EndGlobal
